github.com/fallmor/cours-go v0.0.0-20201228220341-917c4c0c4453 h1:HMLyPQ/HouVKuU9blC7MPiozq6PkLBNANInGwAl1vQs=
github.com/fallmor/cours-go v0.0.0-20201228220341-917c4c0c4453/go.mod h1:tpCYB7cPf3aDddNjCMYcQPFb5Una7GtF24g2xfQ+97Y=
github.com/fallmor/cours-go v0.0.0-20201229001829-34182f94cde4 h1:dAr1K+g5SrEe+3ryBl+SLjUM4S3iQOc3cPn+GSCYuI4=
