github.com/fallmor/cours-go v0.0.0-20201228220341-917c4c0c4453 h1:HMLyPQ/HouVKuU9blC7MPiozq6PkLBNANInGwAl1vQs=
github.com/fallmor/cours-go v0.0.0-20201228220341-917c4c0c4453/go.mod h1:tpCYB7cPf3aDddNjCMYcQPFb5Una7GtF24g2xfQ+97Y=
github.com/fallmor/cours-go v0.0.0-20201228231044-4304204dfb01 h1:GsGLvmrqk4+/S8Bz5DK2Ipx17Cs3mw6Xdkog7enAXfQ=
